
Microsoft Visual Studio Solution File, Format Version 12.00
# Visual Studio Version 16
VisualStudioVersion = 16.0.30717.126
MinimumVisualStudioVersion = 10.0.40219.1
Project("{FAE04EC0-301F-11D3-BF4B-00C04F79EFBC}") = "Лабораторная работа 10", "Лабораторная работа 10\Лабораторная работа 10.csproj", "{30F00FB0-B6C5-4CD3-BDA1-D74FBD96F314}"
EndProject
Global
	GlobalSection(SolutionConfigurationPlatforms) = preSolution
		Debug|Any CPU = Debug|Any CPU
		Release|Any CPU = Release|Any CPU
	EndGlobalSection
	GlobalSection(ProjectConfigurationPlatforms) = postSolution
		{30F00FB0-B6C5-4CD3-BDA1-D74FBD96F314}.Debug|Any CPU.ActiveCfg = Debug|Any CPU
		{30F00FB0-B6C5-4CD3-BDA1-D74FBD96F314}.Debug|Any CPU.Build.0 = Debug|Any CPU
		{30F00FB0-B6C5-4CD3-BDA1-D74FBD96F314}.Release|Any CPU.ActiveCfg = Release|Any CPU
		{30F00FB0-B6C5-4CD3-BDA1-D74FBD96F314}.Release|Any CPU.Build.0 = Release|Any CPU
	EndGlobalSection
	GlobalSection(SolutionProperties) = preSolution
		HideSolutionNode = FALSE
	EndGlobalSection
	GlobalSection(ExtensibilityGlobals) = postSolution
		SolutionGuid = {FBC08CCC-C948-45F4-B81B-D9191081410B}
	EndGlobalSection
EndGlobal
