
Microsoft Visual Studio Solution File, Format Version 12.00
# Visual Studio Version 16
VisualStudioVersion = 16.0.30907.101
MinimumVisualStudioVersion = 10.0.40219.1
Project("{FAE04EC0-301F-11D3-BF4B-00C04F79EFBC}") = "Лабораторная работа №16", "Лабораторная работа №16.csproj", "{B4B811E4-E4AD-4BEE-AAC2-E85F3B2757A2}"
EndProject
Global
	GlobalSection(SolutionConfigurationPlatforms) = preSolution
		Debug|Any CPU = Debug|Any CPU
		Release|Any CPU = Release|Any CPU
	EndGlobalSection
	GlobalSection(ProjectConfigurationPlatforms) = postSolution
		{B4B811E4-E4AD-4BEE-AAC2-E85F3B2757A2}.Debug|Any CPU.ActiveCfg = Debug|Any CPU
		{B4B811E4-E4AD-4BEE-AAC2-E85F3B2757A2}.Debug|Any CPU.Build.0 = Debug|Any CPU
		{B4B811E4-E4AD-4BEE-AAC2-E85F3B2757A2}.Release|Any CPU.ActiveCfg = Release|Any CPU
		{B4B811E4-E4AD-4BEE-AAC2-E85F3B2757A2}.Release|Any CPU.Build.0 = Release|Any CPU
	EndGlobalSection
	GlobalSection(SolutionProperties) = preSolution
		HideSolutionNode = FALSE
	EndGlobalSection
	GlobalSection(ExtensibilityGlobals) = postSolution
		SolutionGuid = {9C71DBF4-03BE-443B-80CA-915758D3E45F}
	EndGlobalSection
EndGlobal
