
Microsoft Visual Studio Solution File, Format Version 12.00
# Visual Studio Version 16
VisualStudioVersion = 16.0.30413.136
MinimumVisualStudioVersion = 10.0.40219.1
Project("{FAE04EC0-301F-11D3-BF4B-00C04F79EFBC}") = "Лабораторная работа 2", "Лабораторная работа 2.csproj", "{D2EAD5F6-DC3B-4F2F-8BE9-CB962F8EEA82}"
EndProject
Global
	GlobalSection(SolutionConfigurationPlatforms) = preSolution
		Debug|Any CPU = Debug|Any CPU
		Release|Any CPU = Release|Any CPU
	EndGlobalSection
	GlobalSection(ProjectConfigurationPlatforms) = postSolution
		{D2EAD5F6-DC3B-4F2F-8BE9-CB962F8EEA82}.Debug|Any CPU.ActiveCfg = Debug|Any CPU
		{D2EAD5F6-DC3B-4F2F-8BE9-CB962F8EEA82}.Debug|Any CPU.Build.0 = Debug|Any CPU
		{D2EAD5F6-DC3B-4F2F-8BE9-CB962F8EEA82}.Release|Any CPU.ActiveCfg = Release|Any CPU
		{D2EAD5F6-DC3B-4F2F-8BE9-CB962F8EEA82}.Release|Any CPU.Build.0 = Release|Any CPU
	EndGlobalSection
	GlobalSection(SolutionProperties) = preSolution
		HideSolutionNode = FALSE
	EndGlobalSection
	GlobalSection(ExtensibilityGlobals) = postSolution
		SolutionGuid = {90AC1A30-BFEA-4856-B6AA-A60A3B2FE114}
	EndGlobalSection
EndGlobal
