
Microsoft Visual Studio Solution File, Format Version 12.00
# Visual Studio Version 16
VisualStudioVersion = 16.0.30517.126
MinimumVisualStudioVersion = 10.0.40219.1
Project("{FAE04EC0-301F-11D3-BF4B-00C04F79EFBC}") = "Лабораторная работа №5", "Лабораторная работа №5\Лабораторная работа №5.csproj", "{4D87623E-87A0-4564-B206-E87228E2FB4F}"
EndProject
Global
	GlobalSection(SolutionConfigurationPlatforms) = preSolution
		Debug|Any CPU = Debug|Any CPU
		Release|Any CPU = Release|Any CPU
	EndGlobalSection
	GlobalSection(ProjectConfigurationPlatforms) = postSolution
		{4D87623E-87A0-4564-B206-E87228E2FB4F}.Debug|Any CPU.ActiveCfg = Debug|Any CPU
		{4D87623E-87A0-4564-B206-E87228E2FB4F}.Debug|Any CPU.Build.0 = Debug|Any CPU
		{4D87623E-87A0-4564-B206-E87228E2FB4F}.Release|Any CPU.ActiveCfg = Release|Any CPU
		{4D87623E-87A0-4564-B206-E87228E2FB4F}.Release|Any CPU.Build.0 = Release|Any CPU
	EndGlobalSection
	GlobalSection(SolutionProperties) = preSolution
		HideSolutionNode = FALSE
	EndGlobalSection
	GlobalSection(ExtensibilityGlobals) = postSolution
		SolutionGuid = {4ED0A198-FE1F-4D5E-B74F-B666BCD5A3C2}
	EndGlobalSection
EndGlobal
